
Microsoft Visual Studio Solution File, Format Version 12.00
# Visual Studio Version 16
VisualStudioVersion = 16.0.31729.503
MinimumVisualStudioVersion = 10.0.40219.1
Project("{FAE04EC0-301F-11D3-BF4B-00C04F79EFBC}") = "LinkGroupDemo", "LinkGroupDemo\LinkGroupDemo.csproj", "{FC28EE42-8FF7-4851-BDB4-A3FE79A6E011}"
EndProject
Global
	GlobalSection(SolutionConfigurationPlatforms) = preSolution
		Debug|Any CPU = Debug|Any CPU
		Release|Any CPU = Release|Any CPU
	EndGlobalSection
	GlobalSection(ProjectConfigurationPlatforms) = postSolution
		{FC28EE42-8FF7-4851-BDB4-A3FE79A6E011}.Debug|Any CPU.ActiveCfg = Debug|Any CPU
		{FC28EE42-8FF7-4851-BDB4-A3FE79A6E011}.Debug|Any CPU.Build.0 = Debug|Any CPU
		{FC28EE42-8FF7-4851-BDB4-A3FE79A6E011}.Release|Any CPU.ActiveCfg = Release|Any CPU
		{FC28EE42-8FF7-4851-BDB4-A3FE79A6E011}.Release|Any CPU.Build.0 = Release|Any CPU
	EndGlobalSection
	GlobalSection(SolutionProperties) = preSolution
		HideSolutionNode = FALSE
	EndGlobalSection
	GlobalSection(ExtensibilityGlobals) = postSolution
		SolutionGuid = {628E5478-48DC-4AC5-BE14-F97D397DB100}
	EndGlobalSection
EndGlobal
